// !$*UTF8*$!
{
	archiveVersion = 1;
	classes = {
	};
	objectVersion = 46;
	objects = {

/* Begin PBXBuildFile section */
		B6212CAB1D5AD42C005ED56E /* AppDelegate.swift in Sources */ = {isa = PBXBuildFile; fileRef = B6212CAA1D5AD42C005ED56E /* AppDelegate.swift */; };
		B6212CAD1D5AD42C005ED56E /* ViewController.swift in Sources */ = {isa = PBXBuildFile; fileRef = B6212CAC1D5AD42C005ED56E /* ViewController.swift */; };
		B6212CB01D5AD42C005ED56E /* Main.storyboard in Resources */ = {isa = PBXBuildFile; fileRef = B6212CAE1D5AD42C005ED56E /* Main.storyboard */; };
		B6212CB21D5AD42C005ED56E /* Assets.xcassets in Resources */ = {isa = PBXBuildFile; fileRef = B6212CB11D5AD42C005ED56E /* Assets.xcassets */; };
		B6212CB51D5AD42C005ED56E /* LaunchScreen.storyboard in Resources */ = {isa = PBXBuildFile; fileRef = B6212CB31D5AD42C005ED56E /* LaunchScreen.storyboard */; };
		B6212CC01D5AD42D005ED56E /* DataPushTests.swift in Sources */ = {isa = PBXBuildFile; fileRef = B6212CBF1D5AD42D005ED56E /* DataPushTests.swift */; };
		B6212CCB1D5AD42D005ED56E /* DataPushUITests.swift in Sources */ = {isa = PBXBuildFile; fileRef = B6212CCA1D5AD42D005ED56E /* DataPushUITests.swift */; };
/* End PBXBuildFile section */

/* Begin PBXContainerItemProxy section */
		B6212CBC1D5AD42C005ED56E /* PBXContainerItemProxy */ = {
			isa = PBXContainerItemProxy;
			containerPortal = B6212C9F1D5AD42C005ED56E /* Project object */;
			proxyType = 1;
			remoteGlobalIDString = B6212CA61D5AD42C005ED56E;
			remoteInfo = DataPush;
		};
		B6212CC71D5AD42D005ED56E /* PBXContainerItemProxy */ = {
			isa = PBXContainerItemProxy;
			containerPortal = B6212C9F1D5AD42C005ED56E /* Project object */;
			proxyType = 1;
			remoteGlobalIDString = B6212CA61D5AD42C005ED56E;
			remoteInfo = DataPush;
		};
/* End PBXContainerItemProxy section */

/* Begin PBXFileReference section */
		46C89E2AB7F8EE89E00A6508 /* Pods-DataPushUITests.release.xcconfig */ = {isa = PBXFileReference; includeInIndex = 1; lastKnownFileType = text.xcconfig; name = "Pods-DataPushUITests.release.xcconfig"; path = "Pods/Target Support Files/Pods-DataPushUITests/Pods-DataPushUITests.release.xcconfig"; sourceTree = "<group>"; };
		4A8BC22D4B295985C436EAEA /* Pods-DataPushTests.debug.xcconfig */ = {isa = PBXFileReference; includeInIndex = 1; lastKnownFileType = text.xcconfig; name = "Pods-DataPushTests.debug.xcconfig"; path = "Pods/Target Support Files/Pods-DataPushTests/Pods-DataPushTests.debug.xcconfig"; sourceTree = "<group>"; };
		B6212CA71D5AD42C005ED56E /* DataPush.app */ = {isa = PBXFileReference; explicitFileType = wrapper.application; includeInIndex = 0; path = DataPush.app; sourceTree = BUILT_PRODUCTS_DIR; };
		B6212CAA1D5AD42C005ED56E /* AppDelegate.swift */ = {isa = PBXFileReference; lastKnownFileType = sourcecode.swift; path = AppDelegate.swift; sourceTree = "<group>"; };
		B6212CAC1D5AD42C005ED56E /* ViewController.swift */ = {isa = PBXFileReference; lastKnownFileType = sourcecode.swift; path = ViewController.swift; sourceTree = "<group>"; };
		B6212CAF1D5AD42C005ED56E /* Base */ = {isa = PBXFileReference; lastKnownFileType = file.storyboard; name = Base; path = Base.lproj/Main.storyboard; sourceTree = "<group>"; };
		B6212CB11D5AD42C005ED56E /* Assets.xcassets */ = {isa = PBXFileReference; lastKnownFileType = folder.assetcatalog; path = Assets.xcassets; sourceTree = "<group>"; };
		B6212CB41D5AD42C005ED56E /* Base */ = {isa = PBXFileReference; lastKnownFileType = file.storyboard; name = Base; path = Base.lproj/LaunchScreen.storyboard; sourceTree = "<group>"; };
		B6212CB61D5AD42C005ED56E /* Info.plist */ = {isa = PBXFileReference; lastKnownFileType = text.plist.xml; path = Info.plist; sourceTree = "<group>"; };
		B6212CBB1D5AD42C005ED56E /* DataPushTests.xctest */ = {isa = PBXFileReference; explicitFileType = wrapper.cfbundle; includeInIndex = 0; path = DataPushTests.xctest; sourceTree = BUILT_PRODUCTS_DIR; };
		B6212CBF1D5AD42D005ED56E /* DataPushTests.swift */ = {isa = PBXFileReference; lastKnownFileType = sourcecode.swift; path = DataPushTests.swift; sourceTree = "<group>"; };
		B6212CC11D5AD42D005ED56E /* Info.plist */ = {isa = PBXFileReference; lastKnownFileType = text.plist.xml; path = Info.plist; sourceTree = "<group>"; };
		B6212CC61D5AD42D005ED56E /* DataPushUITests.xctest */ = {isa = PBXFileReference; explicitFileType = wrapper.cfbundle; includeInIndex = 0; path = DataPushUITests.xctest; sourceTree = BUILT_PRODUCTS_DIR; };
		B6212CCA1D5AD42D005ED56E /* DataPushUITests.swift */ = {isa = PBXFileReference; lastKnownFileType = sourcecode.swift; path = DataPushUITests.swift; sourceTree = "<group>"; };
		B6212CCC1D5AD42D005ED56E /* Info.plist */ = {isa = PBXFileReference; lastKnownFileType = text.plist.xml; path = Info.plist; sourceTree = "<group>"; };
		BEB943BB1A1EE69C9845130C /* Pods-DataPush.release.xcconfig */ = {isa = PBXFileReference; includeInIndex = 1; lastKnownFileType = text.xcconfig; name = "Pods-DataPush.release.xcconfig"; path = "Pods/Target Support Files/Pods-DataPush/Pods-DataPush.release.xcconfig"; sourceTree = "<group>"; };
		DA265FF5D696A2B04C39B169 /* Pods-DataPushUITests.debug.xcconfig */ = {isa = PBXFileReference; includeInIndex = 1; lastKnownFileType = text.xcconfig; name = "Pods-DataPushUITests.debug.xcconfig"; path = "Pods/Target Support Files/Pods-DataPushUITests/Pods-DataPushUITests.debug.xcconfig"; sourceTree = "<group>"; };
		F281AC1DFC4E91163BA2E796 /* Pods-DataPush.debug.xcconfig */ = {isa = PBXFileReference; includeInIndex = 1; lastKnownFileType = text.xcconfig; name = "Pods-DataPush.debug.xcconfig"; path = "Pods/Target Support Files/Pods-DataPush/Pods-DataPush.debug.xcconfig"; sourceTree = "<group>"; };
		F65AFF2E8B5E492124926A76 /* Pods-DataPushTests.release.xcconfig */ = {isa = PBXFileReference; includeInIndex = 1; lastKnownFileType = text.xcconfig; name = "Pods-DataPushTests.release.xcconfig"; path = "Pods/Target Support Files/Pods-DataPushTests/Pods-DataPushTests.release.xcconfig"; sourceTree = "<group>"; };
/* End PBXFileReference section */

/* Begin PBXFrameworksBuildPhase section */
		B6212CA41D5AD42C005ED56E /* Frameworks */ = {
			isa = PBXFrameworksBuildPhase;
			buildActionMask = 2147483647;
			files = (
			);
			runOnlyForDeploymentPostprocessing = 0;
		};
		B6212CB81D5AD42C005ED56E /* Frameworks */ = {
			isa = PBXFrameworksBuildPhase;
			buildActionMask = 2147483647;
			files = (
			);
			runOnlyForDeploymentPostprocessing = 0;
		};
		B6212CC31D5AD42D005ED56E /* Frameworks */ = {
			isa = PBXFrameworksBuildPhase;
			buildActionMask = 2147483647;
			files = (
			);
			runOnlyForDeploymentPostprocessing = 0;
		};
/* End PBXFrameworksBuildPhase section */

/* Begin PBXGroup section */
		242D8593F47C0230A9B916AE /* Frameworks */ = {
			isa = PBXGroup;
			children = (
			);
			name = Frameworks;
			sourceTree = "<group>";
		};
		B6212C9E1D5AD42C005ED56E = {
			isa = PBXGroup;
			children = (
				B6212CA91D5AD42C005ED56E /* DataPush */,
				B6212CBE1D5AD42C005ED56E /* DataPushTests */,
				B6212CC91D5AD42D005ED56E /* DataPushUITests */,
				B6212CA81D5AD42C005ED56E /* Products */,
				DF64A6052E00E59F5D4FD729 /* Pods */,
				242D8593F47C0230A9B916AE /* Frameworks */,
			);
			sourceTree = "<group>";
		};
		B6212CA81D5AD42C005ED56E /* Products */ = {
			isa = PBXGroup;
			children = (
				B6212CA71D5AD42C005ED56E /* DataPush.app */,
				B6212CBB1D5AD42C005ED56E /* DataPushTests.xctest */,
				B6212CC61D5AD42D005ED56E /* DataPushUITests.xctest */,
			);
			name = Products;
			sourceTree = "<group>";
		};
		B6212CA91D5AD42C005ED56E /* DataPush */ = {
			isa = PBXGroup;
			children = (
				B6212CAA1D5AD42C005ED56E /* AppDelegate.swift */,
				B6212CAC1D5AD42C005ED56E /* ViewController.swift */,
				B6212CAE1D5AD42C005ED56E /* Main.storyboard */,
				B6212CB11D5AD42C005ED56E /* Assets.xcassets */,
				B6212CB31D5AD42C005ED56E /* LaunchScreen.storyboard */,
				B6212CB61D5AD42C005ED56E /* Info.plist */,
			);
			path = DataPush;
			sourceTree = "<group>";
		};
		B6212CBE1D5AD42C005ED56E /* DataPushTests */ = {
			isa = PBXGroup;
			children = (
				B6212CBF1D5AD42D005ED56E /* DataPushTests.swift */,
				B6212CC11D5AD42D005ED56E /* Info.plist */,
			);
			path = DataPushTests;
			sourceTree = "<group>";
		};
		B6212CC91D5AD42D005ED56E /* DataPushUITests */ = {
			isa = PBXGroup;
			children = (
				B6212CCA1D5AD42D005ED56E /* DataPushUITests.swift */,
				B6212CCC1D5AD42D005ED56E /* Info.plist */,
			);
			path = DataPushUITests;
			sourceTree = "<group>";
		};
		DF64A6052E00E59F5D4FD729 /* Pods */ = {
			isa = PBXGroup;
			children = (
				F281AC1DFC4E91163BA2E796 /* Pods-DataPush.debug.xcconfig */,
				BEB943BB1A1EE69C9845130C /* Pods-DataPush.release.xcconfig */,
				4A8BC22D4B295985C436EAEA /* Pods-DataPushTests.debug.xcconfig */,
				F65AFF2E8B5E492124926A76 /* Pods-DataPushTests.release.xcconfig */,
				DA265FF5D696A2B04C39B169 /* Pods-DataPushUITests.debug.xcconfig */,
				46C89E2AB7F8EE89E00A6508 /* Pods-DataPushUITests.release.xcconfig */,
			);
			name = Pods;
			sourceTree = "<group>";
		};
/* End PBXGroup section */

/* Begin PBXNativeTarget section */
		B6212CA61D5AD42C005ED56E /* DataPush */ = {
			isa = PBXNativeTarget;
			buildConfigurationList = B6212CCF1D5AD42D005ED56E /* Build configuration list for PBXNativeTarget "DataPush" */;
			buildPhases = (
				C11AEA2F18706C3CD55FA36E /* [CP] Check Pods Manifest.lock */,
				B6212CA31D5AD42C005ED56E /* Sources */,
				B6212CA41D5AD42C005ED56E /* Frameworks */,
				B6212CA51D5AD42C005ED56E /* Resources */,
				D7FD3DD0440BBBDED3C8DFCE /* [CP] Embed Pods Frameworks */,
				AB3CBE5B73041B79EC01CFA3 /* [CP] Copy Pods Resources */,
			);
			buildRules = (
			);
			dependencies = (
			);
			name = DataPush;
			productName = DataPush;
			productReference = B6212CA71D5AD42C005ED56E /* DataPush.app */;
			productType = "com.apple.product-type.application";
		};
		B6212CBA1D5AD42C005ED56E /* DataPushTests */ = {
			isa = PBXNativeTarget;
			buildConfigurationList = B6212CD21D5AD42D005ED56E /* Build configuration list for PBXNativeTarget "DataPushTests" */;
			buildPhases = (
				45AB0FCA03C5C8C0ACB54B40 /* [CP] Check Pods Manifest.lock */,
				B6212CB71D5AD42C005ED56E /* Sources */,
				B6212CB81D5AD42C005ED56E /* Frameworks */,
				B6212CB91D5AD42C005ED56E /* Resources */,
				A822905E44936A5DFBCF03CF /* [CP] Embed Pods Frameworks */,
				46F1572C5843F431401C130A /* [CP] Copy Pods Resources */,
			);
			buildRules = (
			);
			dependencies = (
				B6212CBD1D5AD42C005ED56E /* PBXTargetDependency */,
			);
			name = DataPushTests;
			productName = DataPushTests;
			productReference = B6212CBB1D5AD42C005ED56E /* DataPushTests.xctest */;
			productType = "com.apple.product-type.bundle.unit-test";
		};
		B6212CC51D5AD42D005ED56E /* DataPushUITests */ = {
			isa = PBXNativeTarget;
			buildConfigurationList = B6212CD51D5AD42D005ED56E /* Build configuration list for PBXNativeTarget "DataPushUITests" */;
			buildPhases = (
				8BB9A5A28A9E07DB501F10C9 /* [CP] Check Pods Manifest.lock */,
				B6212CC21D5AD42D005ED56E /* Sources */,
				B6212CC31D5AD42D005ED56E /* Frameworks */,
				B6212CC41D5AD42D005ED56E /* Resources */,
				8A4B973932639D2C99507E09 /* [CP] Copy Pods Resources */,
			);
			buildRules = (
			);
			dependencies = (
				B6212CC81D5AD42D005ED56E /* PBXTargetDependency */,
			);
			name = DataPushUITests;
			productName = DataPushUITests;
			productReference = B6212CC61D5AD42D005ED56E /* DataPushUITests.xctest */;
			productType = "com.apple.product-type.bundle.ui-testing";
		};
/* End PBXNativeTarget section */

/* Begin PBXProject section */
		B6212C9F1D5AD42C005ED56E /* Project object */ = {
			isa = PBXProject;
			attributes = {
				LastSwiftUpdateCheck = 0730;
				LastUpgradeCheck = 0730;
				TargetAttributes = {
					B6212CA61D5AD42C005ED56E = {
						CreatedOnToolsVersion = 7.3.1;
					};
					B6212CBA1D5AD42C005ED56E = {
						CreatedOnToolsVersion = 7.3.1;
						TestTargetID = B6212CA61D5AD42C005ED56E;
					};
					B6212CC51D5AD42D005ED56E = {
						CreatedOnToolsVersion = 7.3.1;
						TestTargetID = B6212CA61D5AD42C005ED56E;
					};
				};
			};
			buildConfigurationList = B6212CA21D5AD42C005ED56E /* Build configuration list for PBXProject "DataPush" */;
			compatibilityVersion = "Xcode 3.2";
			developmentRegion = English;
			hasScannedForEncodings = 0;
			knownRegions = (
				en,
				Base,
			);
			mainGroup = B6212C9E1D5AD42C005ED56E;
			productRefGroup = B6212CA81D5AD42C005ED56E /* Products */;
			projectDirPath = "";
			projectRoot = "";
			targets = (
				B6212CA61D5AD42C005ED56E /* DataPush */,
				B6212CBA1D5AD42C005ED56E /* DataPushTests */,
				B6212CC51D5AD42D005ED56E /* DataPushUITests */,
			);
		};
/* End PBXProject section */

/* Begin PBXResourcesBuildPhase section */
		B6212CA51D5AD42C005ED56E /* Resources */ = {
			isa = PBXResourcesBuildPhase;
			buildActionMask = 2147483647;
			files = (
				B6212CB51D5AD42C005ED56E /* LaunchScreen.storyboard in Resources */,
				B6212CB21D5AD42C005ED56E /* Assets.xcassets in Resources */,
				B6212CB01D5AD42C005ED56E /* Main.storyboard in Resources */,
			);
			runOnlyForDeploymentPostprocessing = 0;
		};
		B6212CB91D5AD42C005ED56E /* Resources */ = {
			isa = PBXResourcesBuildPhase;
			buildActionMask = 2147483647;
			files = (
			);
			runOnlyForDeploymentPostprocessing = 0;
		};
		B6212CC41D5AD42D005ED56E /* Resources */ = {
			isa = PBXResourcesBuildPhase;
			buildActionMask = 2147483647;
			files = (
			);
			runOnlyForDeploymentPostprocessing = 0;
		};
/* End PBXResourcesBuildPhase section */

/* Begin PBXShellScriptBuildPhase section */
		45AB0FCA03C5C8C0ACB54B40 /* [CP] Check Pods Manifest.lock */ = {
			isa = PBXShellScriptBuildPhase;
			buildActionMask = 2147483647;
			files = (
			);
			inputPaths = (
			);
			name = "[CP] Check Pods Manifest.lock";
			outputPaths = (
			);
			runOnlyForDeploymentPostprocessing = 0;
			shellPath = /bin/sh;
			shellScript = "diff \"${PODS_ROOT}/../Podfile.lock\" \"${PODS_ROOT}/Manifest.lock\" > /dev/null\nif [[ $? != 0 ]] ; then\n    cat << EOM\nerror: The sandbox is not in sync with the Podfile.lock. Run 'pod install' or update your CocoaPods installation.\nEOM\n    exit 1\nfi\n";
			showEnvVarsInLog = 0;
		};
		46F1572C5843F431401C130A /* [CP] Copy Pods Resources */ = {
			isa = PBXShellScriptBuildPhase;
			buildActionMask = 2147483647;
			files = (
			);
			inputPaths = (
			);
			name = "[CP] Copy Pods Resources";
			outputPaths = (
			);
			runOnlyForDeploymentPostprocessing = 0;
			shellPath = /bin/sh;
			shellScript = "\"${SRCROOT}/Pods/Target Support Files/Pods-DataPushTests/Pods-DataPushTests-resources.sh\"\n";
			showEnvVarsInLog = 0;
		};
		8A4B973932639D2C99507E09 /* [CP] Copy Pods Resources */ = {
			isa = PBXShellScriptBuildPhase;
			buildActionMask = 2147483647;
			files = (
			);
			inputPaths = (
			);
			name = "[CP] Copy Pods Resources";
			outputPaths = (
			);
			runOnlyForDeploymentPostprocessing = 0;
			shellPath = /bin/sh;
			shellScript = "\"${SRCROOT}/Pods/Target Support Files/Pods-DataPushUITests/Pods-DataPushUITests-resources.sh\"\n";
			showEnvVarsInLog = 0;
		};
		8BB9A5A28A9E07DB501F10C9 /* [CP] Check Pods Manifest.lock */ = {
			isa = PBXShellScriptBuildPhase;
			buildActionMask = 2147483647;
			files = (
			);
			inputPaths = (
			);
			name = "[CP] Check Pods Manifest.lock";
			outputPaths = (
			);
			runOnlyForDeploymentPostprocessing = 0;
			shellPath = /bin/sh;
			shellScript = "diff \"${PODS_ROOT}/../Podfile.lock\" \"${PODS_ROOT}/Manifest.lock\" > /dev/null\nif [[ $? != 0 ]] ; then\n    cat << EOM\nerror: The sandbox is not in sync with the Podfile.lock. Run 'pod install' or update your CocoaPods installation.\nEOM\n    exit 1\nfi\n";
			showEnvVarsInLog = 0;
		};
		A822905E44936A5DFBCF03CF /* [CP] Embed Pods Frameworks */ = {
			isa = PBXShellScriptBuildPhase;
			buildActionMask = 2147483647;
			files = (
			);
			inputPaths = (
			);
			name = "[CP] Embed Pods Frameworks";
			outputPaths = (
			);
			runOnlyForDeploymentPostprocessing = 0;
			shellPath = /bin/sh;
			shellScript = "\"${SRCROOT}/Pods/Target Support Files/Pods-DataPushTests/Pods-DataPushTests-frameworks.sh\"\n";
			showEnvVarsInLog = 0;
		};
		AB3CBE5B73041B79EC01CFA3 /* [CP] Copy Pods Resources */ = {
			isa = PBXShellScriptBuildPhase;
			buildActionMask = 2147483647;
			files = (
			);
			inputPaths = (
			);
			name = "[CP] Copy Pods Resources";
			outputPaths = (
			);
			runOnlyForDeploymentPostprocessing = 0;
			shellPath = /bin/sh;
			shellScript = "\"${SRCROOT}/Pods/Target Support Files/Pods-DataPush/Pods-DataPush-resources.sh\"\n";
			showEnvVarsInLog = 0;
		};
		C11AEA2F18706C3CD55FA36E /* [CP] Check Pods Manifest.lock */ = {
			isa = PBXShellScriptBuildPhase;
			buildActionMask = 2147483647;
			files = (
			);
			inputPaths = (
			);
			name = "[CP] Check Pods Manifest.lock";
			outputPaths = (
			);
			runOnlyForDeploymentPostprocessing = 0;
			shellPath = /bin/sh;
			shellScript = "diff \"${PODS_ROOT}/../Podfile.lock\" \"${PODS_ROOT}/Manifest.lock\" > /dev/null\nif [[ $? != 0 ]] ; then\n    cat << EOM\nerror: The sandbox is not in sync with the Podfile.lock. Run 'pod install' or update your CocoaPods installation.\nEOM\n    exit 1\nfi\n";
			showEnvVarsInLog = 0;
		};
		D7FD3DD0440BBBDED3C8DFCE /* [CP] Embed Pods Frameworks */ = {
			isa = PBXShellScriptBuildPhase;
			buildActionMask = 2147483647;
			files = (
			);
			inputPaths = (
			);
			name = "[CP] Embed Pods Frameworks";
			outputPaths = (
			);
			runOnlyForDeploymentPostprocessing = 0;
			shellPath = /bin/sh;
			shellScript = "\"${SRCROOT}/Pods/Target Support Files/Pods-DataPush/Pods-DataPush-frameworks.sh\"\n";
			showEnvVarsInLog = 0;
		};
/* End PBXShellScriptBuildPhase section */

/* Begin PBXSourcesBuildPhase section */
		B6212CA31D5AD42C005ED56E /* Sources */ = {
			isa = PBXSourcesBuildPhase;
			buildActionMask = 2147483647;
			files = (
				B6212CAD1D5AD42C005ED56E /* ViewController.swift in Sources */,
				B6212CAB1D5AD42C005ED56E /* AppDelegate.swift in Sources */,
			);
			runOnlyForDeploymentPostprocessing = 0;
		};
		B6212CB71D5AD42C005ED56E /* Sources */ = {
			isa = PBXSourcesBuildPhase;
			buildActionMask = 2147483647;
			files = (
				B6212CC01D5AD42D005ED56E /* DataPushTests.swift in Sources */,
			);
			runOnlyForDeploymentPostprocessing = 0;
		};
		B6212CC21D5AD42D005ED56E /* Sources */ = {
			isa = PBXSourcesBuildPhase;
			buildActionMask = 2147483647;
			files = (
				B6212CCB1D5AD42D005ED56E /* DataPushUITests.swift in Sources */,
			);
			runOnlyForDeploymentPostprocessing = 0;
		};
/* End PBXSourcesBuildPhase section */

/* Begin PBXTargetDependency section */
		B6212CBD1D5AD42C005ED56E /* PBXTargetDependency */ = {
			isa = PBXTargetDependency;
			target = B6212CA61D5AD42C005ED56E /* DataPush */;
			targetProxy = B6212CBC1D5AD42C005ED56E /* PBXContainerItemProxy */;
		};
		B6212CC81D5AD42D005ED56E /* PBXTargetDependency */ = {
			isa = PBXTargetDependency;
			target = B6212CA61D5AD42C005ED56E /* DataPush */;
			targetProxy = B6212CC71D5AD42D005ED56E /* PBXContainerItemProxy */;
		};
/* End PBXTargetDependency section */

/* Begin PBXVariantGroup section */
		B6212CAE1D5AD42C005ED56E /* Main.storyboard */ = {
			isa = PBXVariantGroup;
			children = (
				B6212CAF1D5AD42C005ED56E /* Base */,
			);
			name = Main.storyboard;
			sourceTree = "<group>";
		};
		B6212CB31D5AD42C005ED56E /* LaunchScreen.storyboard */ = {
			isa = PBXVariantGroup;
			children = (
				B6212CB41D5AD42C005ED56E /* Base */,
			);
			name = LaunchScreen.storyboard;
			sourceTree = "<group>";
		};
/* End PBXVariantGroup section */

/* Begin XCBuildConfiguration section */
		B6212CCD1D5AD42D005ED56E /* Debug */ = {
			isa = XCBuildConfiguration;
			buildSettings = {
				ALWAYS_SEARCH_USER_PATHS = NO;
				CLANG_ANALYZER_NONNULL = YES;
				CLANG_CXX_LANGUAGE_STANDARD = "gnu++0x";
				CLANG_CXX_LIBRARY = "libc++";
				CLANG_ENABLE_MODULES = YES;
				CLANG_ENABLE_OBJC_ARC = YES;
				CLANG_WARN_BOOL_CONVERSION = YES;
				CLANG_WARN_CONSTANT_CONVERSION = YES;
				CLANG_WARN_DIRECT_OBJC_ISA_USAGE = YES_ERROR;
				CLANG_WARN_EMPTY_BODY = YES;
				CLANG_WARN_ENUM_CONVERSION = YES;
				CLANG_WARN_INT_CONVERSION = YES;
				CLANG_WARN_OBJC_ROOT_CLASS = YES_ERROR;
				CLANG_WARN_UNREACHABLE_CODE = YES;
				CLANG_WARN__DUPLICATE_METHOD_MATCH = YES;
				"CODE_SIGN_IDENTITY[sdk=iphoneos*]" = "iPhone Developer";
				COPY_PHASE_STRIP = NO;
				DEBUG_INFORMATION_FORMAT = dwarf;
				ENABLE_STRICT_OBJC_MSGSEND = YES;
				ENABLE_TESTABILITY = YES;
				GCC_C_LANGUAGE_STANDARD = gnu99;
				GCC_DYNAMIC_NO_PIC = NO;
				GCC_NO_COMMON_BLOCKS = YES;
				GCC_OPTIMIZATION_LEVEL = 0;
				GCC_PREPROCESSOR_DEFINITIONS = (
					"DEBUG=1",
					"$(inherited)",
				);
				GCC_WARN_64_TO_32_BIT_CONVERSION = YES;
				GCC_WARN_ABOUT_RETURN_TYPE = YES_ERROR;
				GCC_WARN_UNDECLARED_SELECTOR = YES;
				GCC_WARN_UNINITIALIZED_AUTOS = YES_AGGRESSIVE;
				GCC_WARN_UNUSED_FUNCTION = YES;
				GCC_WARN_UNUSED_VARIABLE = YES;
				IPHONEOS_DEPLOYMENT_TARGET = 9.3;
				MTL_ENABLE_DEBUG_INFO = YES;
				ONLY_ACTIVE_ARCH = YES;
				SDKROOT = iphoneos;
				SWIFT_OPTIMIZATION_LEVEL = "-Onone";
			};
			name = Debug;
		};
		B6212CCE1D5AD42D005ED56E /* Release */ = {
			isa = XCBuildConfiguration;
			buildSettings = {
				ALWAYS_SEARCH_USER_PATHS = NO;
				CLANG_ANALYZER_NONNULL = YES;
				CLANG_CXX_LANGUAGE_STANDARD = "gnu++0x";
				CLANG_CXX_LIBRARY = "libc++";
				CLANG_ENABLE_MODULES = YES;
				CLANG_ENABLE_OBJC_ARC = YES;
				CLANG_WARN_BOOL_CONVERSION = YES;
				CLANG_WARN_CONSTANT_CONVERSION = YES;
				CLANG_WARN_DIRECT_OBJC_ISA_USAGE = YES_ERROR;
				CLANG_WARN_EMPTY_BODY = YES;
				CLANG_WARN_ENUM_CONVERSION = YES;
				CLANG_WARN_INT_CONVERSION = YES;
				CLANG_WARN_OBJC_ROOT_CLASS = YES_ERROR;
				CLANG_WARN_UNREACHABLE_CODE = YES;
				CLANG_WARN__DUPLICATE_METHOD_MATCH = YES;
				"CODE_SIGN_IDENTITY[sdk=iphoneos*]" = "iPhone Developer";
				COPY_PHASE_STRIP = NO;
				DEBUG_INFORMATION_FORMAT = "dwarf-with-dsym";
				ENABLE_NS_ASSERTIONS = NO;
				ENABLE_STRICT_OBJC_MSGSEND = YES;
				GCC_C_LANGUAGE_STANDARD = gnu99;
				GCC_NO_COMMON_BLOCKS = YES;
				GCC_WARN_64_TO_32_BIT_CONVERSION = YES;
				GCC_WARN_ABOUT_RETURN_TYPE = YES_ERROR;
				GCC_WARN_UNDECLARED_SELECTOR = YES;
				GCC_WARN_UNINITIALIZED_AUTOS = YES_AGGRESSIVE;
				GCC_WARN_UNUSED_FUNCTION = YES;
				GCC_WARN_UNUSED_VARIABLE = YES;
				IPHONEOS_DEPLOYMENT_TARGET = 9.3;
				MTL_ENABLE_DEBUG_INFO = NO;
				SDKROOT = iphoneos;
				VALIDATE_PRODUCT = YES;
			};
			name = Release;
		};
		B6212CD01D5AD42D005ED56E /* Debug */ = {
			isa = XCBuildConfiguration;
			baseConfigurationReference = F281AC1DFC4E91163BA2E796 /* Pods-DataPush.debug.xcconfig */;
			buildSettings = {
				ASSETCATALOG_COMPILER_APPICON_NAME = AppIcon;
				INFOPLIST_FILE = DataPush/Info.plist;
				LD_RUNPATH_SEARCH_PATHS = "$(inherited) @executable_path/Frameworks";
				PRODUCT_BUNDLE_IDENTIFIER = andre.com.DataPush;
				PRODUCT_NAME = "$(TARGET_NAME)";
			};
			name = Debug;
		};
		B6212CD11D5AD42D005ED56E /* Release */ = {
			isa = XCBuildConfiguration;
			baseConfigurationReference = BEB943BB1A1EE69C9845130C /* Pods-DataPush.release.xcconfig */;
			buildSettings = {
				ASSETCATALOG_COMPILER_APPICON_NAME = AppIcon;
				INFOPLIST_FILE = DataPush/Info.plist;
				LD_RUNPATH_SEARCH_PATHS = "$(inherited) @executable_path/Frameworks";
				PRODUCT_BUNDLE_IDENTIFIER = andre.com.DataPush;
				PRODUCT_NAME = "$(TARGET_NAME)";
			};
			name = Release;
		};
		B6212CD31D5AD42D005ED56E /* Debug */ = {
			isa = XCBuildConfiguration;
			baseConfigurationReference = 4A8BC22D4B295985C436EAEA /* Pods-DataPushTests.debug.xcconfig */;
			buildSettings = {
				BUNDLE_LOADER = "$(TEST_HOST)";
				INFOPLIST_FILE = DataPushTests/Info.plist;
				LD_RUNPATH_SEARCH_PATHS = "$(inherited) @executable_path/Frameworks @loader_path/Frameworks";
				PRODUCT_BUNDLE_IDENTIFIER = andre.com.DataPushTests;
				PRODUCT_NAME = "$(TARGET_NAME)";
				TEST_HOST = "$(BUILT_PRODUCTS_DIR)/DataPush.app/DataPush";
			};
			name = Debug;
		};
		B6212CD41D5AD42D005ED56E /* Release */ = {
			isa = XCBuildConfiguration;
			baseConfigurationReference = F65AFF2E8B5E492124926A76 /* Pods-DataPushTests.release.xcconfig */;
			buildSettings = {
				BUNDLE_LOADER = "$(TEST_HOST)";
				INFOPLIST_FILE = DataPushTests/Info.plist;
				LD_RUNPATH_SEARCH_PATHS = "$(inherited) @executable_path/Frameworks @loader_path/Frameworks";
				PRODUCT_BUNDLE_IDENTIFIER = andre.com.DataPushTests;
				PRODUCT_NAME = "$(TARGET_NAME)";
				TEST_HOST = "$(BUILT_PRODUCTS_DIR)/DataPush.app/DataPush";
			};
			name = Release;
		};
		B6212CD61D5AD42D005ED56E /* Debug */ = {
			isa = XCBuildConfiguration;
			baseConfigurationReference = DA265FF5D696A2B04C39B169 /* Pods-DataPushUITests.debug.xcconfig */;
			buildSettings = {
				INFOPLIST_FILE = DataPushUITests/Info.plist;
				LD_RUNPATH_SEARCH_PATHS = "$(inherited) @executable_path/Frameworks @loader_path/Frameworks";
				PRODUCT_BUNDLE_IDENTIFIER = andre.com.DataPushUITests;
				PRODUCT_NAME = "$(TARGET_NAME)";
				TEST_TARGET_NAME = DataPush;
			};
			name = Debug;
		};
		B6212CD71D5AD42D005ED56E /* Release */ = {
			isa = XCBuildConfiguration;
			baseConfigurationReference = 46C89E2AB7F8EE89E00A6508 /* Pods-DataPushUITests.release.xcconfig */;
			buildSettings = {
				INFOPLIST_FILE = DataPushUITests/Info.plist;
				LD_RUNPATH_SEARCH_PATHS = "$(inherited) @executable_path/Frameworks @loader_path/Frameworks";
				PRODUCT_BUNDLE_IDENTIFIER = andre.com.DataPushUITests;
				PRODUCT_NAME = "$(TARGET_NAME)";
				TEST_TARGET_NAME = DataPush;
			};
			name = Release;
		};
/* End XCBuildConfiguration section */

/* Begin XCConfigurationList section */
		B6212CA21D5AD42C005ED56E /* Build configuration list for PBXProject "DataPush" */ = {
			isa = XCConfigurationList;
			buildConfigurations = (
				B6212CCD1D5AD42D005ED56E /* Debug */,
				B6212CCE1D5AD42D005ED56E /* Release */,
			);
			defaultConfigurationIsVisible = 0;
			defaultConfigurationName = Release;
		};
		B6212CCF1D5AD42D005ED56E /* Build configuration list for PBXNativeTarget "DataPush" */ = {
			isa = XCConfigurationList;
			buildConfigurations = (
				B6212CD01D5AD42D005ED56E /* Debug */,
				B6212CD11D5AD42D005ED56E /* Release */,
			);
			defaultConfigurationIsVisible = 0;
			defaultConfigurationName = Release;
		};
		B6212CD21D5AD42D005ED56E /* Build configuration list for PBXNativeTarget "DataPushTests" */ = {
			isa = XCConfigurationList;
			buildConfigurations = (
				B6212CD31D5AD42D005ED56E /* Debug */,
				B6212CD41D5AD42D005ED56E /* Release */,
			);
			defaultConfigurationIsVisible = 0;
			defaultConfigurationName = Release;
		};
		B6212CD51D5AD42D005ED56E /* Build configuration list for PBXNativeTarget "DataPushUITests" */ = {
			isa = XCConfigurationList;
			buildConfigurations = (
				B6212CD61D5AD42D005ED56E /* Debug */,
				B6212CD71D5AD42D005ED56E /* Release */,
			);
			defaultConfigurationIsVisible = 0;
			defaultConfigurationName = Release;
		};
/* End XCConfigurationList section */
	};
	rootObject = B6212C9F1D5AD42C005ED56E /* Project object */;
}
